
Microsoft Visual Studio Solution File, Format Version 12.00
# Visual Studio Version 17
VisualStudioVersion = 17.5.33627.172
MinimumVisualStudioVersion = 10.0.40219.1
Project("{FAE04EC0-301F-11D3-BF4B-00C04F79EFBC}") = "Menú de Funcionalidades - Carlos Alvarado", "Menú de Funcionalidades - Carlos Alvarado\Menú de Funcionalidades - Carlos Alvarado.csproj", "{EFFDB213-0F3D-4E64-954C-C6B37F941B5A}"
EndProject
Global
	GlobalSection(SolutionConfigurationPlatforms) = preSolution
		Debug|Any CPU = Debug|Any CPU
		Release|Any CPU = Release|Any CPU
	EndGlobalSection
	GlobalSection(ProjectConfigurationPlatforms) = postSolution
		{EFFDB213-0F3D-4E64-954C-C6B37F941B5A}.Debug|Any CPU.ActiveCfg = Debug|Any CPU
		{EFFDB213-0F3D-4E64-954C-C6B37F941B5A}.Debug|Any CPU.Build.0 = Debug|Any CPU
		{EFFDB213-0F3D-4E64-954C-C6B37F941B5A}.Release|Any CPU.ActiveCfg = Release|Any CPU
		{EFFDB213-0F3D-4E64-954C-C6B37F941B5A}.Release|Any CPU.Build.0 = Release|Any CPU
	EndGlobalSection
	GlobalSection(SolutionProperties) = preSolution
		HideSolutionNode = FALSE
	EndGlobalSection
	GlobalSection(ExtensibilityGlobals) = postSolution
		SolutionGuid = {1B50D3B0-2B52-4911-A764-C36044432FF5}
	EndGlobalSection
EndGlobal
